
Microsoft Visual Studio Solution File, Format Version 12.00
# Visual Studio 15
Project("{FAE04EC0-301F-11D3-BF4B-00C04F79EFBC}") = "Assembly-CSharp", "Assembly-CSharp.csproj", "{3AB2F2B6-F407-E889-DA3F-3457E52AD7FC}"
EndProject
Project("{FAE04EC0-301F-11D3-BF4B-00C04F79EFBC}") = "Assembly-CSharp-Editor", "Assembly-CSharp-Editor.csproj", "{D333EC89-B2E8-6833-1413-16D38EFBB676}"
EndProject
Global
	GlobalSection(SolutionConfigurationPlatforms) = preSolution
		Debug|Any CPU = Debug|Any CPU
		Release|Any CPU = Release|Any CPU
	EndGlobalSection
	GlobalSection(ProjectConfigurationPlatforms) = postSolution
		{3AB2F2B6-F407-E889-DA3F-3457E52AD7FC}.Debug|Any CPU.ActiveCfg = Debug|Any CPU
		{3AB2F2B6-F407-E889-DA3F-3457E52AD7FC}.Debug|Any CPU.Build.0 = Debug|Any CPU
		{3AB2F2B6-F407-E889-DA3F-3457E52AD7FC}.Release|Any CPU.ActiveCfg = Release|Any CPU
		{3AB2F2B6-F407-E889-DA3F-3457E52AD7FC}.Release|Any CPU.Build.0 = Release|Any CPU
		{D333EC89-B2E8-6833-1413-16D38EFBB676}.Debug|Any CPU.ActiveCfg = Debug|Any CPU
		{D333EC89-B2E8-6833-1413-16D38EFBB676}.Debug|Any CPU.Build.0 = Debug|Any CPU
		{D333EC89-B2E8-6833-1413-16D38EFBB676}.Release|Any CPU.ActiveCfg = Release|Any CPU
		{D333EC89-B2E8-6833-1413-16D38EFBB676}.Release|Any CPU.Build.0 = Release|Any CPU
	EndGlobalSection
	GlobalSection(SolutionProperties) = preSolution
		HideSolutionNode = FALSE
	EndGlobalSection
EndGlobal
