
Microsoft Visual Studio Solution File, Format Version 12.00
# Visual Studio 15
Project("{FAE04EC0-301F-11D3-BF4B-00C04F79EFBC}") = "FMODUnity", "FMODUnity.csproj", "{F3C223AB-521F-4C77-6BD0-16C2985E9784}"
EndProject
Project("{FAE04EC0-301F-11D3-BF4B-00C04F79EFBC}") = "Assembly-CSharp", "Assembly-CSharp.csproj", "{DA645C60-9A4D-A2A6-3898-30D66D5BAA15}"
EndProject
Project("{FAE04EC0-301F-11D3-BF4B-00C04F79EFBC}") = "FMODUnityResonance", "FMODUnityResonance.csproj", "{7A8D8993-E081-2ECE-FC32-33F0D1FAE3E8}"
EndProject
Project("{FAE04EC0-301F-11D3-BF4B-00C04F79EFBC}") = "FMODUnityEditor", "FMODUnityEditor.csproj", "{9A386068-3534-00E4-395C-D16D3361F5C3}"
EndProject
Project("{FAE04EC0-301F-11D3-BF4B-00C04F79EFBC}") = "FMODUnityResonanceEditor", "FMODUnityResonanceEditor.csproj", "{DA5A80A0-36EB-9D92-C603-AA7B53253CE9}"
EndProject
Global
	GlobalSection(SolutionConfigurationPlatforms) = preSolution
		Debug|Any CPU = Debug|Any CPU
		Release|Any CPU = Release|Any CPU
	EndGlobalSection
	GlobalSection(ProjectConfigurationPlatforms) = postSolution
		{F3C223AB-521F-4C77-6BD0-16C2985E9784}.Debug|Any CPU.ActiveCfg = Debug|Any CPU
		{F3C223AB-521F-4C77-6BD0-16C2985E9784}.Debug|Any CPU.Build.0 = Debug|Any CPU
		{F3C223AB-521F-4C77-6BD0-16C2985E9784}.Release|Any CPU.ActiveCfg = Release|Any CPU
		{F3C223AB-521F-4C77-6BD0-16C2985E9784}.Release|Any CPU.Build.0 = Release|Any CPU
		{DA645C60-9A4D-A2A6-3898-30D66D5BAA15}.Debug|Any CPU.ActiveCfg = Debug|Any CPU
		{DA645C60-9A4D-A2A6-3898-30D66D5BAA15}.Debug|Any CPU.Build.0 = Debug|Any CPU
		{DA645C60-9A4D-A2A6-3898-30D66D5BAA15}.Release|Any CPU.ActiveCfg = Release|Any CPU
		{DA645C60-9A4D-A2A6-3898-30D66D5BAA15}.Release|Any CPU.Build.0 = Release|Any CPU
		{7A8D8993-E081-2ECE-FC32-33F0D1FAE3E8}.Debug|Any CPU.ActiveCfg = Debug|Any CPU
		{7A8D8993-E081-2ECE-FC32-33F0D1FAE3E8}.Debug|Any CPU.Build.0 = Debug|Any CPU
		{7A8D8993-E081-2ECE-FC32-33F0D1FAE3E8}.Release|Any CPU.ActiveCfg = Release|Any CPU
		{7A8D8993-E081-2ECE-FC32-33F0D1FAE3E8}.Release|Any CPU.Build.0 = Release|Any CPU
		{9A386068-3534-00E4-395C-D16D3361F5C3}.Debug|Any CPU.ActiveCfg = Debug|Any CPU
		{9A386068-3534-00E4-395C-D16D3361F5C3}.Debug|Any CPU.Build.0 = Debug|Any CPU
		{9A386068-3534-00E4-395C-D16D3361F5C3}.Release|Any CPU.ActiveCfg = Release|Any CPU
		{9A386068-3534-00E4-395C-D16D3361F5C3}.Release|Any CPU.Build.0 = Release|Any CPU
		{DA5A80A0-36EB-9D92-C603-AA7B53253CE9}.Debug|Any CPU.ActiveCfg = Debug|Any CPU
		{DA5A80A0-36EB-9D92-C603-AA7B53253CE9}.Debug|Any CPU.Build.0 = Debug|Any CPU
		{DA5A80A0-36EB-9D92-C603-AA7B53253CE9}.Release|Any CPU.ActiveCfg = Release|Any CPU
		{DA5A80A0-36EB-9D92-C603-AA7B53253CE9}.Release|Any CPU.Build.0 = Release|Any CPU
	EndGlobalSection
	GlobalSection(SolutionProperties) = preSolution
		HideSolutionNode = FALSE
	EndGlobalSection
EndGlobal
